
Microsoft Visual Studio Solution File, Format Version 12.00
# Visual Studio Version 17
VisualStudioVersion = 17.14.36414.22 d17.14
MinimumVisualStudioVersion = 10.0.40219.1
Project("{FAE04EC0-301F-11D3-BF4B-00C04F79EFBC}") = "ClasesEjercicioPrueba", "ClasesEjercicioPrueba.csproj", "{5792BDED-4BE4-4690-98DB-87F71DDA2C67}"
EndProject
Project("{FAE04EC0-301F-11D3-BF4B-00C04F79EFBC}") = "AppConsola", "..\AppConsola\AppConsola.csproj", "{F78C9978-59C0-4961-9F15-91BDE41ECE4B}"
EndProject
Global
	GlobalSection(SolutionConfigurationPlatforms) = preSolution
		Debug|Any CPU = Debug|Any CPU
		Release|Any CPU = Release|Any CPU
	EndGlobalSection
	GlobalSection(ProjectConfigurationPlatforms) = postSolution
		{5792BDED-4BE4-4690-98DB-87F71DDA2C67}.Debug|Any CPU.ActiveCfg = Debug|Any CPU
		{5792BDED-4BE4-4690-98DB-87F71DDA2C67}.Debug|Any CPU.Build.0 = Debug|Any CPU
		{5792BDED-4BE4-4690-98DB-87F71DDA2C67}.Release|Any CPU.ActiveCfg = Release|Any CPU
		{5792BDED-4BE4-4690-98DB-87F71DDA2C67}.Release|Any CPU.Build.0 = Release|Any CPU
		{F78C9978-59C0-4961-9F15-91BDE41ECE4B}.Debug|Any CPU.ActiveCfg = Debug|Any CPU
		{F78C9978-59C0-4961-9F15-91BDE41ECE4B}.Debug|Any CPU.Build.0 = Debug|Any CPU
		{F78C9978-59C0-4961-9F15-91BDE41ECE4B}.Release|Any CPU.ActiveCfg = Release|Any CPU
		{F78C9978-59C0-4961-9F15-91BDE41ECE4B}.Release|Any CPU.Build.0 = Release|Any CPU
	EndGlobalSection
	GlobalSection(SolutionProperties) = preSolution
		HideSolutionNode = FALSE
	EndGlobalSection
	GlobalSection(ExtensibilityGlobals) = postSolution
		SolutionGuid = {25169B68-124A-45AB-9428-876F066121D1}
	EndGlobalSection
EndGlobal
