
Microsoft Visual Studio Solution File, Format Version 12.00
# Visual Studio Version 17
VisualStudioVersion = 17.13.35931.197 d17.13
MinimumVisualStudioVersion = 10.0.40219.1
Project("{FAE04EC0-301F-11D3-BF4B-00C04F79EFBC}") = "Ejercicios Hamming, Collatz Conjecture y Difference of Squares", "Ejercicios Hamming, Collatz Conjecture y Difference of Squares.csproj", "{68DFCA20-46CC-45E4-9498-F77D3BA6A6C2}"
EndProject
Global
	GlobalSection(SolutionConfigurationPlatforms) = preSolution
		Debug|Any CPU = Debug|Any CPU
		Release|Any CPU = Release|Any CPU
	EndGlobalSection
	GlobalSection(ProjectConfigurationPlatforms) = postSolution
		{68DFCA20-46CC-45E4-9498-F77D3BA6A6C2}.Debug|Any CPU.ActiveCfg = Debug|Any CPU
		{68DFCA20-46CC-45E4-9498-F77D3BA6A6C2}.Debug|Any CPU.Build.0 = Debug|Any CPU
		{68DFCA20-46CC-45E4-9498-F77D3BA6A6C2}.Release|Any CPU.ActiveCfg = Release|Any CPU
		{68DFCA20-46CC-45E4-9498-F77D3BA6A6C2}.Release|Any CPU.Build.0 = Release|Any CPU
	EndGlobalSection
	GlobalSection(SolutionProperties) = preSolution
		HideSolutionNode = FALSE
	EndGlobalSection
	GlobalSection(ExtensibilityGlobals) = postSolution
		SolutionGuid = {937E5FC0-C57E-4CFA-8E2D-36291D1547C7}
	EndGlobalSection
EndGlobal
