
Microsoft Visual Studio Solution File, Format Version 12.00
# Visual Studio Version 17
VisualStudioVersion = 17.13.35919.96 d17.13
MinimumVisualStudioVersion = 10.0.40219.1
Project("{FAE04EC0-301F-11D3-BF4B-00C04F79EFBC}") = "Practica POO Curso", "Practica POO Curso.csproj", "{4890F1E6-F110-4F5B-A5B1-54A12448FE0B}"
EndProject
Global
	GlobalSection(SolutionConfigurationPlatforms) = preSolution
		Debug|Any CPU = Debug|Any CPU
		Release|Any CPU = Release|Any CPU
	EndGlobalSection
	GlobalSection(ProjectConfigurationPlatforms) = postSolution
		{4890F1E6-F110-4F5B-A5B1-54A12448FE0B}.Debug|Any CPU.ActiveCfg = Debug|Any CPU
		{4890F1E6-F110-4F5B-A5B1-54A12448FE0B}.Debug|Any CPU.Build.0 = Debug|Any CPU
		{4890F1E6-F110-4F5B-A5B1-54A12448FE0B}.Release|Any CPU.ActiveCfg = Release|Any CPU
		{4890F1E6-F110-4F5B-A5B1-54A12448FE0B}.Release|Any CPU.Build.0 = Release|Any CPU
	EndGlobalSection
	GlobalSection(SolutionProperties) = preSolution
		HideSolutionNode = FALSE
	EndGlobalSection
	GlobalSection(ExtensibilityGlobals) = postSolution
		SolutionGuid = {870F09C8-B5DB-4F06-A7DC-4400CE156E9C}
	EndGlobalSection
EndGlobal
