
Microsoft Visual Studio Solution File, Format Version 12.00
# Visual Studio Version 17
VisualStudioVersion = 17.14.36121.58 d17.14
MinimumVisualStudioVersion = 10.0.40219.1
Project("{FAE04EC0-301F-11D3-BF4B-00C04F79EFBC}") = "EjerciciosUnidad8", "EjerciciosUnidad8.csproj", "{C7AEACE3-96EF-4539-9FF7-F4F126FAEFDC}"
EndProject
Project("{FAE04EC0-301F-11D3-BF4B-00C04F79EFBC}") = "Ejercicios", "..\Ejercicios\Ejercicios.csproj", "{F53CD8A8-813F-4EDA-A6DB-FEDF1C77C647}"
EndProject
Global
	GlobalSection(SolutionConfigurationPlatforms) = preSolution
		Debug|Any CPU = Debug|Any CPU
		Release|Any CPU = Release|Any CPU
	EndGlobalSection
	GlobalSection(ProjectConfigurationPlatforms) = postSolution
		{C7AEACE3-96EF-4539-9FF7-F4F126FAEFDC}.Debug|Any CPU.ActiveCfg = Debug|Any CPU
		{C7AEACE3-96EF-4539-9FF7-F4F126FAEFDC}.Debug|Any CPU.Build.0 = Debug|Any CPU
		{C7AEACE3-96EF-4539-9FF7-F4F126FAEFDC}.Release|Any CPU.ActiveCfg = Release|Any CPU
		{C7AEACE3-96EF-4539-9FF7-F4F126FAEFDC}.Release|Any CPU.Build.0 = Release|Any CPU
		{F53CD8A8-813F-4EDA-A6DB-FEDF1C77C647}.Debug|Any CPU.ActiveCfg = Debug|Any CPU
		{F53CD8A8-813F-4EDA-A6DB-FEDF1C77C647}.Debug|Any CPU.Build.0 = Debug|Any CPU
		{F53CD8A8-813F-4EDA-A6DB-FEDF1C77C647}.Release|Any CPU.ActiveCfg = Release|Any CPU
		{F53CD8A8-813F-4EDA-A6DB-FEDF1C77C647}.Release|Any CPU.Build.0 = Release|Any CPU
	EndGlobalSection
	GlobalSection(SolutionProperties) = preSolution
		HideSolutionNode = FALSE
	EndGlobalSection
	GlobalSection(ExtensibilityGlobals) = postSolution
		SolutionGuid = {BACFDE8B-B07C-40C9-9DAA-D68C07692F7B}
	EndGlobalSection
EndGlobal
