
Microsoft Visual Studio Solution File, Format Version 12.00
# Visual Studio Version 17
VisualStudioVersion = 17.13.35919.96 d17.13
MinimumVisualStudioVersion = 10.0.40219.1
Project("{FAE04EC0-301F-11D3-BF4B-00C04F79EFBC}") = "Programcs", "Programcs.csproj", "{BC53BD8C-81A1-490E-AED0-4AEDF7AC6448}"
EndProject
Project("{FAE04EC0-301F-11D3-BF4B-00C04F79EFBC}") = "Personaje", "..\Personaje\Personaje.csproj", "{316F3DB3-C1C2-48C2-B8A2-518467FB7CB4}"
EndProject
Global
	GlobalSection(SolutionConfigurationPlatforms) = preSolution
		Debug|Any CPU = Debug|Any CPU
		Release|Any CPU = Release|Any CPU
	EndGlobalSection
	GlobalSection(ProjectConfigurationPlatforms) = postSolution
		{BC53BD8C-81A1-490E-AED0-4AEDF7AC6448}.Debug|Any CPU.ActiveCfg = Debug|Any CPU
		{BC53BD8C-81A1-490E-AED0-4AEDF7AC6448}.Debug|Any CPU.Build.0 = Debug|Any CPU
		{BC53BD8C-81A1-490E-AED0-4AEDF7AC6448}.Release|Any CPU.ActiveCfg = Release|Any CPU
		{BC53BD8C-81A1-490E-AED0-4AEDF7AC6448}.Release|Any CPU.Build.0 = Release|Any CPU
		{316F3DB3-C1C2-48C2-B8A2-518467FB7CB4}.Debug|Any CPU.ActiveCfg = Debug|Any CPU
		{316F3DB3-C1C2-48C2-B8A2-518467FB7CB4}.Debug|Any CPU.Build.0 = Debug|Any CPU
		{316F3DB3-C1C2-48C2-B8A2-518467FB7CB4}.Release|Any CPU.ActiveCfg = Release|Any CPU
		{316F3DB3-C1C2-48C2-B8A2-518467FB7CB4}.Release|Any CPU.Build.0 = Release|Any CPU
	EndGlobalSection
	GlobalSection(SolutionProperties) = preSolution
		HideSolutionNode = FALSE
	EndGlobalSection
	GlobalSection(ExtensibilityGlobals) = postSolution
		SolutionGuid = {313111F6-63E7-4C32-B18A-2686C9646D66}
	EndGlobalSection
EndGlobal
